
Microsoft Visual Studio Solution File, Format Version 12.00
# Visual Studio Version 16
VisualStudioVersion = 16.0.30611.23
MinimumVisualStudioVersion = 10.0.40219.1
Project("{FAE04EC0-301F-11D3-BF4B-00C04F79EFBC}") = "BetterTogetherProj", "BetterTogetherProj\BetterTogetherProj.csproj", "{77C2353D-3B39-480C-AAF3-CD881C538B45}"
EndProject
Project("{2150E333-8FDC-42A3-9474-1A3956D46DE8}") = "Solution Items", "Solution Items", "{0CAE8E2C-9BE9-4DB9-AAC4-7FA874647B8D}"
	ProjectSection(SolutionItems) = preProject
		.editorconfig = .editorconfig
	EndProjectSection
EndProject
Global
	GlobalSection(SolutionConfigurationPlatforms) = preSolution
		Debug|Any CPU = Debug|Any CPU
		Release|Any CPU = Release|Any CPU
	EndGlobalSection
	GlobalSection(ProjectConfigurationPlatforms) = postSolution
		{77C2353D-3B39-480C-AAF3-CD881C538B45}.Debug|Any CPU.ActiveCfg = Debug|Any CPU
		{77C2353D-3B39-480C-AAF3-CD881C538B45}.Debug|Any CPU.Build.0 = Debug|Any CPU
		{77C2353D-3B39-480C-AAF3-CD881C538B45}.Release|Any CPU.ActiveCfg = Release|Any CPU
		{77C2353D-3B39-480C-AAF3-CD881C538B45}.Release|Any CPU.Build.0 = Release|Any CPU
	EndGlobalSection
	GlobalSection(SolutionProperties) = preSolution
		HideSolutionNode = FALSE
	EndGlobalSection
	GlobalSection(ExtensibilityGlobals) = postSolution
		SolutionGuid = {C5243670-EF66-4AAE-B2A3-909AE2B57CF3}
	EndGlobalSection
EndGlobal
